
Microsoft Visual Studio Solution File, Format Version 12.00
# Visual Studio 2017
Project("{FAE04EC0-301F-11D3-BF4B-00C04F79EFBC}") = "Tutorial Survival Shooter Final", "Tutorial Survival Shooter Final.csproj", "{6EB92332-8493-31BC-798E-CEE199C7B82B}"
EndProject
Project("{FAE04EC0-301F-11D3-BF4B-00C04F79EFBC}") = "Tutorial Survival Shooter Final.Editor", "Tutorial Survival Shooter Final.Editor.csproj", "{27B7347B-A543-941D-125C-D870820FC2F9}"
EndProject
Global
	GlobalSection(SolutionConfigurationPlatforms) = preSolution
		Debug|Any CPU = Debug|Any CPU
		Release|Any CPU = Release|Any CPU
	EndGlobalSection
	GlobalSection(ProjectConfigurationPlatforms) = postSolution
		{6EB92332-8493-31BC-798E-CEE199C7B82B}.Debug|Any CPU.ActiveCfg = Debug|Any CPU
		{6EB92332-8493-31BC-798E-CEE199C7B82B}.Debug|Any CPU.Build.0 = Debug|Any CPU
		{6EB92332-8493-31BC-798E-CEE199C7B82B}.Release|Any CPU.ActiveCfg = Release|Any CPU
		{6EB92332-8493-31BC-798E-CEE199C7B82B}.Release|Any CPU.Build.0 = Release|Any CPU
		{27B7347B-A543-941D-125C-D870820FC2F9}.Debug|Any CPU.ActiveCfg = Debug|Any CPU
		{27B7347B-A543-941D-125C-D870820FC2F9}.Debug|Any CPU.Build.0 = Debug|Any CPU
		{27B7347B-A543-941D-125C-D870820FC2F9}.Release|Any CPU.ActiveCfg = Release|Any CPU
		{27B7347B-A543-941D-125C-D870820FC2F9}.Release|Any CPU.Build.0 = Release|Any CPU
	EndGlobalSection
	GlobalSection(SolutionProperties) = preSolution
		HideSolutionNode = FALSE
	EndGlobalSection
EndGlobal
